
Microsoft Visual Studio Solution File, Format Version 12.00
# Visual Studio Version 17
VisualStudioVersion = 17.5.33424.131
MinimumVisualStudioVersion = 10.0.40219.1
Project("{9A19103F-16F7-4668-BE54-9A1E7A4F7556}") = "CodeBlock.Challenge.Api", "CodeBlock.Challenge.Api.csproj", "{C69CF055-46BF-483E-BD30-487FBDE7A50F}"
EndProject
Project("{9A19103F-16F7-4668-BE54-9A1E7A4F7556}") = "CodeBlock.Challenge.Domain", "..\CodeBlock.Challenge.Domain\CodeBlock.Challenge.Domain.csproj", "{E90DFF37-A5D0-4D62-B375-C82B92B21626}"
EndProject
Project("{9A19103F-16F7-4668-BE54-9A1E7A4F7556}") = "CodeBlock.Challenge.Business", "..\CodeBlock.Challenge.Business\CodeBlock.Challenge.Business.csproj", "{800F18B5-B0C1-49E0-9B93-4950062D6809}"
EndProject
Project("{9A19103F-16F7-4668-BE54-9A1E7A4F7556}") = "CodeBlock.Challenge.IBusiness", "..\CodeBlock.Challenge.IBusiness\CodeBlock.Challenge.IBusiness.csproj", "{64FE4DBA-CE1B-459D-B7DA-4FBE82AB42F8}"
EndProject
Project("{9A19103F-16F7-4668-BE54-9A1E7A4F7556}") = "CodeBlock.Challenge.Repository", "..\CodeBlock.Challenge.Repository\CodeBlock.Challenge.Repository.csproj", "{171529FD-FA3A-4A03-9E36-FFB7C1DAB90A}"
EndProject
Project("{9A19103F-16F7-4668-BE54-9A1E7A4F7556}") = "CodeBlock.Challenge.IRepository", "..\CodeBlock.Challenge.IRepository\CodeBlock.Challenge.IRepository.csproj", "{9B6E2C9F-DBF7-4F07-A547-4E0A2F503C07}"
EndProject
Global
	GlobalSection(SolutionConfigurationPlatforms) = preSolution
		Debug|Any CPU = Debug|Any CPU
		Release|Any CPU = Release|Any CPU
	EndGlobalSection
	GlobalSection(ProjectConfigurationPlatforms) = postSolution
		{C69CF055-46BF-483E-BD30-487FBDE7A50F}.Debug|Any CPU.ActiveCfg = Debug|Any CPU
		{C69CF055-46BF-483E-BD30-487FBDE7A50F}.Debug|Any CPU.Build.0 = Debug|Any CPU
		{C69CF055-46BF-483E-BD30-487FBDE7A50F}.Release|Any CPU.ActiveCfg = Release|Any CPU
		{C69CF055-46BF-483E-BD30-487FBDE7A50F}.Release|Any CPU.Build.0 = Release|Any CPU
		{E90DFF37-A5D0-4D62-B375-C82B92B21626}.Debug|Any CPU.ActiveCfg = Debug|Any CPU
		{E90DFF37-A5D0-4D62-B375-C82B92B21626}.Debug|Any CPU.Build.0 = Debug|Any CPU
		{E90DFF37-A5D0-4D62-B375-C82B92B21626}.Release|Any CPU.ActiveCfg = Release|Any CPU
		{E90DFF37-A5D0-4D62-B375-C82B92B21626}.Release|Any CPU.Build.0 = Release|Any CPU
		{800F18B5-B0C1-49E0-9B93-4950062D6809}.Debug|Any CPU.ActiveCfg = Debug|Any CPU
		{800F18B5-B0C1-49E0-9B93-4950062D6809}.Debug|Any CPU.Build.0 = Debug|Any CPU
		{800F18B5-B0C1-49E0-9B93-4950062D6809}.Release|Any CPU.ActiveCfg = Release|Any CPU
		{800F18B5-B0C1-49E0-9B93-4950062D6809}.Release|Any CPU.Build.0 = Release|Any CPU
		{64FE4DBA-CE1B-459D-B7DA-4FBE82AB42F8}.Debug|Any CPU.ActiveCfg = Debug|Any CPU
		{64FE4DBA-CE1B-459D-B7DA-4FBE82AB42F8}.Debug|Any CPU.Build.0 = Debug|Any CPU
		{64FE4DBA-CE1B-459D-B7DA-4FBE82AB42F8}.Release|Any CPU.ActiveCfg = Release|Any CPU
		{64FE4DBA-CE1B-459D-B7DA-4FBE82AB42F8}.Release|Any CPU.Build.0 = Release|Any CPU
		{171529FD-FA3A-4A03-9E36-FFB7C1DAB90A}.Debug|Any CPU.ActiveCfg = Debug|Any CPU
		{171529FD-FA3A-4A03-9E36-FFB7C1DAB90A}.Debug|Any CPU.Build.0 = Debug|Any CPU
		{171529FD-FA3A-4A03-9E36-FFB7C1DAB90A}.Release|Any CPU.ActiveCfg = Release|Any CPU
		{171529FD-FA3A-4A03-9E36-FFB7C1DAB90A}.Release|Any CPU.Build.0 = Release|Any CPU
		{9B6E2C9F-DBF7-4F07-A547-4E0A2F503C07}.Debug|Any CPU.ActiveCfg = Debug|Any CPU
		{9B6E2C9F-DBF7-4F07-A547-4E0A2F503C07}.Debug|Any CPU.Build.0 = Debug|Any CPU
		{9B6E2C9F-DBF7-4F07-A547-4E0A2F503C07}.Release|Any CPU.ActiveCfg = Release|Any CPU
		{9B6E2C9F-DBF7-4F07-A547-4E0A2F503C07}.Release|Any CPU.Build.0 = Release|Any CPU
	EndGlobalSection
	GlobalSection(SolutionProperties) = preSolution
		HideSolutionNode = FALSE
	EndGlobalSection
	GlobalSection(ExtensibilityGlobals) = postSolution
		SolutionGuid = {1AF34FE0-D556-4405-A683-922EE95DB9C6}
	EndGlobalSection
EndGlobal
